
Microsoft Visual Studio Solution File, Format Version 12.00
# Visual Studio 14
VisualStudioVersion = 14.0.25123.0
MinimumVisualStudioVersion = 10.0.40219.1
Project("{FAE04EC0-301F-11D3-BF4B-00C04F79EFBC}") = "UptoMobileIHM.Droid", "UptoMobileIHM\UptoMobileIHM.Droid\UptoMobileIHM.Droid.csproj", "{5E00305D-44BC-4E9F-97F9-64069FE3C045}"
EndProject
Project("{FAE04EC0-301F-11D3-BF4B-00C04F79EFBC}") = "UptoMobileIHM.iOS", "UptoMobileIHM\UptoMobileIHM.iOS\UptoMobileIHM.iOS.csproj", "{A7CAEB03-237E-46FB-8D06-0109FA8E9D7E}"
EndProject
Project("{FAE04EC0-301F-11D3-BF4B-00C04F79EFBC}") = "UptoMobileIHM.WinPhone", "UptoMobileIHM\UptoMobileIHM.WinPhone\UptoMobileIHM.WinPhone.csproj", "{5080997C-F2A0-4B8D-8963-344B9149F857}"
EndProject
Project("{FAE04EC0-301F-11D3-BF4B-00C04F79EFBC}") = "UptoMobileIHM.Windows", "UptoMobileIHM\UptoMobileIHM.Windows\UptoMobileIHM.Windows.csproj", "{FC36E0D3-C535-4F7C-9C23-B4DCDC188D85}"
EndProject
Project("{D954291E-2A0B-460D-934E-DC6B0785DB48}") = "UptoMobileIHM", "UptoMobileIHM\UptoMobileIHM\UptoMobileIHM.shproj", "{6FEA4358-DFDB-47C6-875E-769F34ABD4F8}"
EndProject
Project("{FAE04EC0-301F-11D3-BF4B-00C04F79EFBC}") = "UptoSAL", "UptoSAL\UptoSAL.csproj", "{9F6992D5-75A2-4301-8102-B982D94F4C62}"
EndProject
Project("{FAE04EC0-301F-11D3-BF4B-00C04F79EFBC}") = "UptoDAL", "UptoDAL\UptoDAL.csproj", "{F0624922-7DCE-4C71-8E4D-3EA3601E95EE}"
EndProject
Global
	GlobalSection(SharedMSBuildProjectFiles) = preSolution
		UptoMobileIHM\UptoMobileIHM\UptoMobileIHM.projitems*{a7caeb03-237e-46fb-8d06-0109fa8e9d7e}*SharedItemsImports = 4
		UptoMobileIHM\UptoMobileIHM\UptoMobileIHM.projitems*{fc36e0d3-c535-4f7c-9c23-b4dcdc188d85}*SharedItemsImports = 4
		UptoMobileIHM\UptoMobileIHM\UptoMobileIHM.projitems*{5080997c-f2a0-4b8d-8963-344b9149f857}*SharedItemsImports = 4
		UptoMobileIHM\UptoMobileIHM\UptoMobileIHM.projitems*{6fea4358-dfdb-47c6-875e-769f34abd4f8}*SharedItemsImports = 13
		UptoMobileIHM\UptoMobileIHM\UptoMobileIHM.projitems*{5e00305d-44bc-4e9f-97f9-64069fe3c045}*SharedItemsImports = 4
	EndGlobalSection
	GlobalSection(SolutionConfigurationPlatforms) = preSolution
		Ad-Hoc|Any CPU = Ad-Hoc|Any CPU
		Ad-Hoc|ARM = Ad-Hoc|ARM
		Ad-Hoc|iPhone = Ad-Hoc|iPhone
		Ad-Hoc|iPhoneSimulator = Ad-Hoc|iPhoneSimulator
		Ad-Hoc|x64 = Ad-Hoc|x64
		Ad-Hoc|x86 = Ad-Hoc|x86
		AppStore|Any CPU = AppStore|Any CPU
		AppStore|ARM = AppStore|ARM
		AppStore|iPhone = AppStore|iPhone
		AppStore|iPhoneSimulator = AppStore|iPhoneSimulator
		AppStore|x64 = AppStore|x64
		AppStore|x86 = AppStore|x86
		Debug|Any CPU = Debug|Any CPU
		Debug|ARM = Debug|ARM
		Debug|iPhone = Debug|iPhone
		Debug|iPhoneSimulator = Debug|iPhoneSimulator
		Debug|x64 = Debug|x64
		Debug|x86 = Debug|x86
		Release|Any CPU = Release|Any CPU
		Release|ARM = Release|ARM
		Release|iPhone = Release|iPhone
		Release|iPhoneSimulator = Release|iPhoneSimulator
		Release|x64 = Release|x64
		Release|x86 = Release|x86
	EndGlobalSection
	GlobalSection(ProjectConfigurationPlatforms) = postSolution
		{5E00305D-44BC-4E9F-97F9-64069FE3C045}.Ad-Hoc|Any CPU.ActiveCfg = Release|Any CPU
		{5E00305D-44BC-4E9F-97F9-64069FE3C045}.Ad-Hoc|Any CPU.Build.0 = Release|Any CPU
		{5E00305D-44BC-4E9F-97F9-64069FE3C045}.Ad-Hoc|Any CPU.Deploy.0 = Release|Any CPU
		{5E00305D-44BC-4E9F-97F9-64069FE3C045}.Ad-Hoc|ARM.ActiveCfg = Release|Any CPU
		{5E00305D-44BC-4E9F-97F9-64069FE3C045}.Ad-Hoc|ARM.Build.0 = Release|Any CPU
		{5E00305D-44BC-4E9F-97F9-64069FE3C045}.Ad-Hoc|ARM.Deploy.0 = Release|Any CPU
		{5E00305D-44BC-4E9F-97F9-64069FE3C045}.Ad-Hoc|iPhone.ActiveCfg = Release|Any CPU
		{5E00305D-44BC-4E9F-97F9-64069FE3C045}.Ad-Hoc|iPhone.Build.0 = Release|Any CPU
		{5E00305D-44BC-4E9F-97F9-64069FE3C045}.Ad-Hoc|iPhone.Deploy.0 = Release|Any CPU
		{5E00305D-44BC-4E9F-97F9-64069FE3C045}.Ad-Hoc|iPhoneSimulator.ActiveCfg = Release|Any CPU
		{5E00305D-44BC-4E9F-97F9-64069FE3C045}.Ad-Hoc|iPhoneSimulator.Build.0 = Release|Any CPU
		{5E00305D-44BC-4E9F-97F9-64069FE3C045}.Ad-Hoc|iPhoneSimulator.Deploy.0 = Release|Any CPU
		{5E00305D-44BC-4E9F-97F9-64069FE3C045}.Ad-Hoc|x64.ActiveCfg = Release|Any CPU
		{5E00305D-44BC-4E9F-97F9-64069FE3C045}.Ad-Hoc|x64.Build.0 = Release|Any CPU
		{5E00305D-44BC-4E9F-97F9-64069FE3C045}.Ad-Hoc|x64.Deploy.0 = Release|Any CPU
		{5E00305D-44BC-4E9F-97F9-64069FE3C045}.Ad-Hoc|x86.ActiveCfg = Release|Any CPU
		{5E00305D-44BC-4E9F-97F9-64069FE3C045}.Ad-Hoc|x86.Build.0 = Release|Any CPU
		{5E00305D-44BC-4E9F-97F9-64069FE3C045}.Ad-Hoc|x86.Deploy.0 = Release|Any CPU
		{5E00305D-44BC-4E9F-97F9-64069FE3C045}.AppStore|Any CPU.ActiveCfg = Release|Any CPU
		{5E00305D-44BC-4E9F-97F9-64069FE3C045}.AppStore|Any CPU.Build.0 = Release|Any CPU
		{5E00305D-44BC-4E9F-97F9-64069FE3C045}.AppStore|Any CPU.Deploy.0 = Release|Any CPU
		{5E00305D-44BC-4E9F-97F9-64069FE3C045}.AppStore|ARM.ActiveCfg = Release|Any CPU
		{5E00305D-44BC-4E9F-97F9-64069FE3C045}.AppStore|ARM.Build.0 = Release|Any CPU
		{5E00305D-44BC-4E9F-97F9-64069FE3C045}.AppStore|ARM.Deploy.0 = Release|Any CPU
		{5E00305D-44BC-4E9F-97F9-64069FE3C045}.AppStore|iPhone.ActiveCfg = Release|Any CPU
		{5E00305D-44BC-4E9F-97F9-64069FE3C045}.AppStore|iPhone.Build.0 = Release|Any CPU
		{5E00305D-44BC-4E9F-97F9-64069FE3C045}.AppStore|iPhone.Deploy.0 = Release|Any CPU
		{5E00305D-44BC-4E9F-97F9-64069FE3C045}.AppStore|iPhoneSimulator.ActiveCfg = Release|Any CPU
		{5E00305D-44BC-4E9F-97F9-64069FE3C045}.AppStore|iPhoneSimulator.Build.0 = Release|Any CPU
		{5E00305D-44BC-4E9F-97F9-64069FE3C045}.AppStore|iPhoneSimulator.Deploy.0 = Release|Any CPU
		{5E00305D-44BC-4E9F-97F9-64069FE3C045}.AppStore|x64.ActiveCfg = Release|Any CPU
		{5E00305D-44BC-4E9F-97F9-64069FE3C045}.AppStore|x64.Build.0 = Release|Any CPU
		{5E00305D-44BC-4E9F-97F9-64069FE3C045}.AppStore|x64.Deploy.0 = Release|Any CPU
		{5E00305D-44BC-4E9F-97F9-64069FE3C045}.AppStore|x86.ActiveCfg = Release|Any CPU
		{5E00305D-44BC-4E9F-97F9-64069FE3C045}.AppStore|x86.Build.0 = Release|Any CPU
		{5E00305D-44BC-4E9F-97F9-64069FE3C045}.AppStore|x86.Deploy.0 = Release|Any CPU
		{5E00305D-44BC-4E9F-97F9-64069FE3C045}.Debug|Any CPU.ActiveCfg = Debug|Any CPU
		{5E00305D-44BC-4E9F-97F9-64069FE3C045}.Debug|Any CPU.Build.0 = Debug|Any CPU
		{5E00305D-44BC-4E9F-97F9-64069FE3C045}.Debug|Any CPU.Deploy.0 = Debug|Any CPU
		{5E00305D-44BC-4E9F-97F9-64069FE3C045}.Debug|ARM.ActiveCfg = Debug|Any CPU
		{5E00305D-44BC-4E9F-97F9-64069FE3C045}.Debug|ARM.Build.0 = Debug|Any CPU
		{5E00305D-44BC-4E9F-97F9-64069FE3C045}.Debug|ARM.Deploy.0 = Debug|Any CPU
		{5E00305D-44BC-4E9F-97F9-64069FE3C045}.Debug|iPhone.ActiveCfg = Debug|Any CPU
		{5E00305D-44BC-4E9F-97F9-64069FE3C045}.Debug|iPhone.Build.0 = Debug|Any CPU
		{5E00305D-44BC-4E9F-97F9-64069FE3C045}.Debug|iPhone.Deploy.0 = Debug|Any CPU
		{5E00305D-44BC-4E9F-97F9-64069FE3C045}.Debug|iPhoneSimulator.ActiveCfg = Debug|Any CPU
		{5E00305D-44BC-4E9F-97F9-64069FE3C045}.Debug|iPhoneSimulator.Build.0 = Debug|Any CPU
		{5E00305D-44BC-4E9F-97F9-64069FE3C045}.Debug|iPhoneSimulator.Deploy.0 = Debug|Any CPU
		{5E00305D-44BC-4E9F-97F9-64069FE3C045}.Debug|x64.ActiveCfg = Debug|Any CPU
		{5E00305D-44BC-4E9F-97F9-64069FE3C045}.Debug|x64.Build.0 = Debug|Any CPU
		{5E00305D-44BC-4E9F-97F9-64069FE3C045}.Debug|x64.Deploy.0 = Debug|Any CPU
		{5E00305D-44BC-4E9F-97F9-64069FE3C045}.Debug|x86.ActiveCfg = Debug|Any CPU
		{5E00305D-44BC-4E9F-97F9-64069FE3C045}.Debug|x86.Build.0 = Debug|Any CPU
		{5E00305D-44BC-4E9F-97F9-64069FE3C045}.Debug|x86.Deploy.0 = Debug|Any CPU
		{5E00305D-44BC-4E9F-97F9-64069FE3C045}.Release|Any CPU.ActiveCfg = Release|Any CPU
		{5E00305D-44BC-4E9F-97F9-64069FE3C045}.Release|Any CPU.Build.0 = Release|Any CPU
		{5E00305D-44BC-4E9F-97F9-64069FE3C045}.Release|Any CPU.Deploy.0 = Release|Any CPU
		{5E00305D-44BC-4E9F-97F9-64069FE3C045}.Release|ARM.ActiveCfg = Release|Any CPU
		{5E00305D-44BC-4E9F-97F9-64069FE3C045}.Release|ARM.Build.0 = Release|Any CPU
		{5E00305D-44BC-4E9F-97F9-64069FE3C045}.Release|ARM.Deploy.0 = Release|Any CPU
		{5E00305D-44BC-4E9F-97F9-64069FE3C045}.Release|iPhone.ActiveCfg = Release|Any CPU
		{5E00305D-44BC-4E9F-97F9-64069FE3C045}.Release|iPhone.Build.0 = Release|Any CPU
		{5E00305D-44BC-4E9F-97F9-64069FE3C045}.Release|iPhone.Deploy.0 = Release|Any CPU
		{5E00305D-44BC-4E9F-97F9-64069FE3C045}.Release|iPhoneSimulator.ActiveCfg = Release|Any CPU
		{5E00305D-44BC-4E9F-97F9-64069FE3C045}.Release|iPhoneSimulator.Build.0 = Release|Any CPU
		{5E00305D-44BC-4E9F-97F9-64069FE3C045}.Release|iPhoneSimulator.Deploy.0 = Release|Any CPU
		{5E00305D-44BC-4E9F-97F9-64069FE3C045}.Release|x64.ActiveCfg = Release|Any CPU
		{5E00305D-44BC-4E9F-97F9-64069FE3C045}.Release|x64.Build.0 = Release|Any CPU
		{5E00305D-44BC-4E9F-97F9-64069FE3C045}.Release|x64.Deploy.0 = Release|Any CPU
		{5E00305D-44BC-4E9F-97F9-64069FE3C045}.Release|x86.ActiveCfg = Release|Any CPU
		{5E00305D-44BC-4E9F-97F9-64069FE3C045}.Release|x86.Build.0 = Release|Any CPU
		{5E00305D-44BC-4E9F-97F9-64069FE3C045}.Release|x86.Deploy.0 = Release|Any CPU
		{A7CAEB03-237E-46FB-8D06-0109FA8E9D7E}.Ad-Hoc|Any CPU.ActiveCfg = Ad-Hoc|iPhone
		{A7CAEB03-237E-46FB-8D06-0109FA8E9D7E}.Ad-Hoc|ARM.ActiveCfg = Ad-Hoc|iPhone
		{A7CAEB03-237E-46FB-8D06-0109FA8E9D7E}.Ad-Hoc|iPhone.ActiveCfg = Ad-Hoc|iPhone
		{A7CAEB03-237E-46FB-8D06-0109FA8E9D7E}.Ad-Hoc|iPhone.Build.0 = Ad-Hoc|iPhone
		{A7CAEB03-237E-46FB-8D06-0109FA8E9D7E}.Ad-Hoc|iPhoneSimulator.ActiveCfg = Ad-Hoc|iPhoneSimulator
		{A7CAEB03-237E-46FB-8D06-0109FA8E9D7E}.Ad-Hoc|iPhoneSimulator.Build.0 = Ad-Hoc|iPhoneSimulator
		{A7CAEB03-237E-46FB-8D06-0109FA8E9D7E}.Ad-Hoc|x64.ActiveCfg = Ad-Hoc|iPhone
		{A7CAEB03-237E-46FB-8D06-0109FA8E9D7E}.Ad-Hoc|x86.ActiveCfg = Ad-Hoc|iPhone
		{A7CAEB03-237E-46FB-8D06-0109FA8E9D7E}.AppStore|Any CPU.ActiveCfg = AppStore|iPhone
		{A7CAEB03-237E-46FB-8D06-0109FA8E9D7E}.AppStore|ARM.ActiveCfg = AppStore|iPhone
		{A7CAEB03-237E-46FB-8D06-0109FA8E9D7E}.AppStore|iPhone.ActiveCfg = AppStore|iPhone
		{A7CAEB03-237E-46FB-8D06-0109FA8E9D7E}.AppStore|iPhone.Build.0 = AppStore|iPhone
		{A7CAEB03-237E-46FB-8D06-0109FA8E9D7E}.AppStore|iPhoneSimulator.ActiveCfg = AppStore|iPhoneSimulator
		{A7CAEB03-237E-46FB-8D06-0109FA8E9D7E}.AppStore|iPhoneSimulator.Build.0 = AppStore|iPhoneSimulator
		{A7CAEB03-237E-46FB-8D06-0109FA8E9D7E}.AppStore|x64.ActiveCfg = AppStore|iPhone
		{A7CAEB03-237E-46FB-8D06-0109FA8E9D7E}.AppStore|x86.ActiveCfg = AppStore|iPhone
		{A7CAEB03-237E-46FB-8D06-0109FA8E9D7E}.Debug|Any CPU.ActiveCfg = Debug|iPhone
		{A7CAEB03-237E-46FB-8D06-0109FA8E9D7E}.Debug|ARM.ActiveCfg = Debug|iPhone
		{A7CAEB03-237E-46FB-8D06-0109FA8E9D7E}.Debug|iPhone.ActiveCfg = Debug|iPhone
		{A7CAEB03-237E-46FB-8D06-0109FA8E9D7E}.Debug|iPhone.Build.0 = Debug|iPhone
		{A7CAEB03-237E-46FB-8D06-0109FA8E9D7E}.Debug|iPhoneSimulator.ActiveCfg = Debug|iPhoneSimulator
		{A7CAEB03-237E-46FB-8D06-0109FA8E9D7E}.Debug|iPhoneSimulator.Build.0 = Debug|iPhoneSimulator
		{A7CAEB03-237E-46FB-8D06-0109FA8E9D7E}.Debug|x64.ActiveCfg = Debug|iPhone
		{A7CAEB03-237E-46FB-8D06-0109FA8E9D7E}.Debug|x86.ActiveCfg = Debug|iPhone
		{A7CAEB03-237E-46FB-8D06-0109FA8E9D7E}.Release|Any CPU.ActiveCfg = Release|iPhone
		{A7CAEB03-237E-46FB-8D06-0109FA8E9D7E}.Release|ARM.ActiveCfg = Release|iPhone
		{A7CAEB03-237E-46FB-8D06-0109FA8E9D7E}.Release|iPhone.ActiveCfg = Release|iPhone
		{A7CAEB03-237E-46FB-8D06-0109FA8E9D7E}.Release|iPhone.Build.0 = Release|iPhone
		{A7CAEB03-237E-46FB-8D06-0109FA8E9D7E}.Release|iPhoneSimulator.ActiveCfg = Release|iPhoneSimulator
		{A7CAEB03-237E-46FB-8D06-0109FA8E9D7E}.Release|iPhoneSimulator.Build.0 = Release|iPhoneSimulator
		{A7CAEB03-237E-46FB-8D06-0109FA8E9D7E}.Release|x64.ActiveCfg = Release|iPhone
		{A7CAEB03-237E-46FB-8D06-0109FA8E9D7E}.Release|x86.ActiveCfg = Release|iPhone
		{5080997C-F2A0-4B8D-8963-344B9149F857}.Ad-Hoc|Any CPU.ActiveCfg = Release|Any CPU
		{5080997C-F2A0-4B8D-8963-344B9149F857}.Ad-Hoc|Any CPU.Build.0 = Release|Any CPU
		{5080997C-F2A0-4B8D-8963-344B9149F857}.Ad-Hoc|Any CPU.Deploy.0 = Release|Any CPU
		{5080997C-F2A0-4B8D-8963-344B9149F857}.Ad-Hoc|ARM.ActiveCfg = Release|ARM
		{5080997C-F2A0-4B8D-8963-344B9149F857}.Ad-Hoc|ARM.Build.0 = Release|ARM
		{5080997C-F2A0-4B8D-8963-344B9149F857}.Ad-Hoc|ARM.Deploy.0 = Release|ARM
		{5080997C-F2A0-4B8D-8963-344B9149F857}.Ad-Hoc|iPhone.ActiveCfg = Release|Any CPU
		{5080997C-F2A0-4B8D-8963-344B9149F857}.Ad-Hoc|iPhone.Build.0 = Release|Any CPU
		{5080997C-F2A0-4B8D-8963-344B9149F857}.Ad-Hoc|iPhone.Deploy.0 = Release|Any CPU
		{5080997C-F2A0-4B8D-8963-344B9149F857}.Ad-Hoc|iPhoneSimulator.ActiveCfg = Release|Any CPU
		{5080997C-F2A0-4B8D-8963-344B9149F857}.Ad-Hoc|iPhoneSimulator.Build.0 = Release|Any CPU
		{5080997C-F2A0-4B8D-8963-344B9149F857}.Ad-Hoc|iPhoneSimulator.Deploy.0 = Release|Any CPU
		{5080997C-F2A0-4B8D-8963-344B9149F857}.Ad-Hoc|x64.ActiveCfg = Release|Any CPU
		{5080997C-F2A0-4B8D-8963-344B9149F857}.Ad-Hoc|x64.Build.0 = Release|Any CPU
		{5080997C-F2A0-4B8D-8963-344B9149F857}.Ad-Hoc|x64.Deploy.0 = Release|Any CPU
		{5080997C-F2A0-4B8D-8963-344B9149F857}.Ad-Hoc|x86.ActiveCfg = Release|x86
		{5080997C-F2A0-4B8D-8963-344B9149F857}.Ad-Hoc|x86.Build.0 = Release|x86
		{5080997C-F2A0-4B8D-8963-344B9149F857}.Ad-Hoc|x86.Deploy.0 = Release|x86
		{5080997C-F2A0-4B8D-8963-344B9149F857}.AppStore|Any CPU.ActiveCfg = Release|Any CPU
		{5080997C-F2A0-4B8D-8963-344B9149F857}.AppStore|Any CPU.Build.0 = Release|Any CPU
		{5080997C-F2A0-4B8D-8963-344B9149F857}.AppStore|Any CPU.Deploy.0 = Release|Any CPU
		{5080997C-F2A0-4B8D-8963-344B9149F857}.AppStore|ARM.ActiveCfg = Release|ARM
		{5080997C-F2A0-4B8D-8963-344B9149F857}.AppStore|ARM.Build.0 = Release|ARM
		{5080997C-F2A0-4B8D-8963-344B9149F857}.AppStore|ARM.Deploy.0 = Release|ARM
		{5080997C-F2A0-4B8D-8963-344B9149F857}.AppStore|iPhone.ActiveCfg = Release|Any CPU
		{5080997C-F2A0-4B8D-8963-344B9149F857}.AppStore|iPhone.Build.0 = Release|Any CPU
		{5080997C-F2A0-4B8D-8963-344B9149F857}.AppStore|iPhone.Deploy.0 = Release|Any CPU
		{5080997C-F2A0-4B8D-8963-344B9149F857}.AppStore|iPhoneSimulator.ActiveCfg = Release|Any CPU
		{5080997C-F2A0-4B8D-8963-344B9149F857}.AppStore|iPhoneSimulator.Build.0 = Release|Any CPU
		{5080997C-F2A0-4B8D-8963-344B9149F857}.AppStore|iPhoneSimulator.Deploy.0 = Release|Any CPU
		{5080997C-F2A0-4B8D-8963-344B9149F857}.AppStore|x64.ActiveCfg = Release|Any CPU
		{5080997C-F2A0-4B8D-8963-344B9149F857}.AppStore|x64.Build.0 = Release|Any CPU
		{5080997C-F2A0-4B8D-8963-344B9149F857}.AppStore|x64.Deploy.0 = Release|Any CPU
		{5080997C-F2A0-4B8D-8963-344B9149F857}.AppStore|x86.ActiveCfg = Release|x86
		{5080997C-F2A0-4B8D-8963-344B9149F857}.AppStore|x86.Build.0 = Release|x86
		{5080997C-F2A0-4B8D-8963-344B9149F857}.AppStore|x86.Deploy.0 = Release|x86
		{5080997C-F2A0-4B8D-8963-344B9149F857}.Debug|Any CPU.ActiveCfg = Debug|Any CPU
		{5080997C-F2A0-4B8D-8963-344B9149F857}.Debug|Any CPU.Build.0 = Debug|Any CPU
		{5080997C-F2A0-4B8D-8963-344B9149F857}.Debug|Any CPU.Deploy.0 = Debug|Any CPU
		{5080997C-F2A0-4B8D-8963-344B9149F857}.Debug|ARM.ActiveCfg = Debug|ARM
		{5080997C-F2A0-4B8D-8963-344B9149F857}.Debug|ARM.Build.0 = Debug|ARM
		{5080997C-F2A0-4B8D-8963-344B9149F857}.Debug|ARM.Deploy.0 = Debug|ARM
		{5080997C-F2A0-4B8D-8963-344B9149F857}.Debug|iPhone.ActiveCfg = Debug|Any CPU
		{5080997C-F2A0-4B8D-8963-344B9149F857}.Debug|iPhone.Build.0 = Debug|Any CPU
		{5080997C-F2A0-4B8D-8963-344B9149F857}.Debug|iPhone.Deploy.0 = Debug|Any CPU
		{5080997C-F2A0-4B8D-8963-344B9149F857}.Debug|iPhoneSimulator.ActiveCfg = Debug|Any CPU
		{5080997C-F2A0-4B8D-8963-344B9149F857}.Debug|iPhoneSimulator.Build.0 = Debug|Any CPU
		{5080997C-F2A0-4B8D-8963-344B9149F857}.Debug|iPhoneSimulator.Deploy.0 = Debug|Any CPU
		{5080997C-F2A0-4B8D-8963-344B9149F857}.Debug|x64.ActiveCfg = Debug|Any CPU
		{5080997C-F2A0-4B8D-8963-344B9149F857}.Debug|x64.Build.0 = Debug|Any CPU
		{5080997C-F2A0-4B8D-8963-344B9149F857}.Debug|x64.Deploy.0 = Debug|Any CPU
		{5080997C-F2A0-4B8D-8963-344B9149F857}.Debug|x86.ActiveCfg = Debug|x86
		{5080997C-F2A0-4B8D-8963-344B9149F857}.Debug|x86.Build.0 = Debug|x86
		{5080997C-F2A0-4B8D-8963-344B9149F857}.Debug|x86.Deploy.0 = Debug|x86
		{5080997C-F2A0-4B8D-8963-344B9149F857}.Release|Any CPU.ActiveCfg = Release|Any CPU
		{5080997C-F2A0-4B8D-8963-344B9149F857}.Release|Any CPU.Build.0 = Release|Any CPU
		{5080997C-F2A0-4B8D-8963-344B9149F857}.Release|Any CPU.Deploy.0 = Release|Any CPU
		{5080997C-F2A0-4B8D-8963-344B9149F857}.Release|ARM.ActiveCfg = Release|ARM
		{5080997C-F2A0-4B8D-8963-344B9149F857}.Release|ARM.Build.0 = Release|ARM
		{5080997C-F2A0-4B8D-8963-344B9149F857}.Release|ARM.Deploy.0 = Release|ARM
		{5080997C-F2A0-4B8D-8963-344B9149F857}.Release|iPhone.ActiveCfg = Release|Any CPU
		{5080997C-F2A0-4B8D-8963-344B9149F857}.Release|iPhone.Build.0 = Release|Any CPU
		{5080997C-F2A0-4B8D-8963-344B9149F857}.Release|iPhone.Deploy.0 = Release|Any CPU
		{5080997C-F2A0-4B8D-8963-344B9149F857}.Release|iPhoneSimulator.ActiveCfg = Release|Any CPU
		{5080997C-F2A0-4B8D-8963-344B9149F857}.Release|iPhoneSimulator.Build.0 = Release|Any CPU
		{5080997C-F2A0-4B8D-8963-344B9149F857}.Release|iPhoneSimulator.Deploy.0 = Release|Any CPU
		{5080997C-F2A0-4B8D-8963-344B9149F857}.Release|x64.ActiveCfg = Release|Any CPU
		{5080997C-F2A0-4B8D-8963-344B9149F857}.Release|x64.Build.0 = Release|Any CPU
		{5080997C-F2A0-4B8D-8963-344B9149F857}.Release|x64.Deploy.0 = Release|Any CPU
		{5080997C-F2A0-4B8D-8963-344B9149F857}.Release|x86.ActiveCfg = Release|x86
		{5080997C-F2A0-4B8D-8963-344B9149F857}.Release|x86.Build.0 = Release|x86
		{5080997C-F2A0-4B8D-8963-344B9149F857}.Release|x86.Deploy.0 = Release|x86
		{FC36E0D3-C535-4F7C-9C23-B4DCDC188D85}.Ad-Hoc|Any CPU.ActiveCfg = Release|Any CPU
		{FC36E0D3-C535-4F7C-9C23-B4DCDC188D85}.Ad-Hoc|Any CPU.Build.0 = Release|Any CPU
		{FC36E0D3-C535-4F7C-9C23-B4DCDC188D85}.Ad-Hoc|Any CPU.Deploy.0 = Release|Any CPU
		{FC36E0D3-C535-4F7C-9C23-B4DCDC188D85}.Ad-Hoc|ARM.ActiveCfg = Release|ARM
		{FC36E0D3-C535-4F7C-9C23-B4DCDC188D85}.Ad-Hoc|ARM.Build.0 = Release|ARM
		{FC36E0D3-C535-4F7C-9C23-B4DCDC188D85}.Ad-Hoc|ARM.Deploy.0 = Release|ARM
		{FC36E0D3-C535-4F7C-9C23-B4DCDC188D85}.Ad-Hoc|iPhone.ActiveCfg = Release|Any CPU
		{FC36E0D3-C535-4F7C-9C23-B4DCDC188D85}.Ad-Hoc|iPhone.Build.0 = Release|Any CPU
		{FC36E0D3-C535-4F7C-9C23-B4DCDC188D85}.Ad-Hoc|iPhone.Deploy.0 = Release|Any CPU
		{FC36E0D3-C535-4F7C-9C23-B4DCDC188D85}.Ad-Hoc|iPhoneSimulator.ActiveCfg = Release|Any CPU
		{FC36E0D3-C535-4F7C-9C23-B4DCDC188D85}.Ad-Hoc|iPhoneSimulator.Build.0 = Release|Any CPU
		{FC36E0D3-C535-4F7C-9C23-B4DCDC188D85}.Ad-Hoc|iPhoneSimulator.Deploy.0 = Release|Any CPU
		{FC36E0D3-C535-4F7C-9C23-B4DCDC188D85}.Ad-Hoc|x64.ActiveCfg = Release|x64
		{FC36E0D3-C535-4F7C-9C23-B4DCDC188D85}.Ad-Hoc|x64.Build.0 = Release|x64
		{FC36E0D3-C535-4F7C-9C23-B4DCDC188D85}.Ad-Hoc|x64.Deploy.0 = Release|x64
		{FC36E0D3-C535-4F7C-9C23-B4DCDC188D85}.Ad-Hoc|x86.ActiveCfg = Release|x86
		{FC36E0D3-C535-4F7C-9C23-B4DCDC188D85}.Ad-Hoc|x86.Build.0 = Release|x86
		{FC36E0D3-C535-4F7C-9C23-B4DCDC188D85}.Ad-Hoc|x86.Deploy.0 = Release|x86
		{FC36E0D3-C535-4F7C-9C23-B4DCDC188D85}.AppStore|Any CPU.ActiveCfg = Release|Any CPU
		{FC36E0D3-C535-4F7C-9C23-B4DCDC188D85}.AppStore|Any CPU.Build.0 = Release|Any CPU
		{FC36E0D3-C535-4F7C-9C23-B4DCDC188D85}.AppStore|Any CPU.Deploy.0 = Release|Any CPU
		{FC36E0D3-C535-4F7C-9C23-B4DCDC188D85}.AppStore|ARM.ActiveCfg = Release|ARM
		{FC36E0D3-C535-4F7C-9C23-B4DCDC188D85}.AppStore|ARM.Build.0 = Release|ARM
		{FC36E0D3-C535-4F7C-9C23-B4DCDC188D85}.AppStore|ARM.Deploy.0 = Release|ARM
		{FC36E0D3-C535-4F7C-9C23-B4DCDC188D85}.AppStore|iPhone.ActiveCfg = Release|Any CPU
		{FC36E0D3-C535-4F7C-9C23-B4DCDC188D85}.AppStore|iPhone.Build.0 = Release|Any CPU
		{FC36E0D3-C535-4F7C-9C23-B4DCDC188D85}.AppStore|iPhone.Deploy.0 = Release|Any CPU
		{FC36E0D3-C535-4F7C-9C23-B4DCDC188D85}.AppStore|iPhoneSimulator.ActiveCfg = Release|Any CPU
		{FC36E0D3-C535-4F7C-9C23-B4DCDC188D85}.AppStore|iPhoneSimulator.Build.0 = Release|Any CPU
		{FC36E0D3-C535-4F7C-9C23-B4DCDC188D85}.AppStore|iPhoneSimulator.Deploy.0 = Release|Any CPU
		{FC36E0D3-C535-4F7C-9C23-B4DCDC188D85}.AppStore|x64.ActiveCfg = Release|x64
		{FC36E0D3-C535-4F7C-9C23-B4DCDC188D85}.AppStore|x64.Build.0 = Release|x64
		{FC36E0D3-C535-4F7C-9C23-B4DCDC188D85}.AppStore|x64.Deploy.0 = Release|x64
		{FC36E0D3-C535-4F7C-9C23-B4DCDC188D85}.AppStore|x86.ActiveCfg = Release|x86
		{FC36E0D3-C535-4F7C-9C23-B4DCDC188D85}.AppStore|x86.Build.0 = Release|x86
		{FC36E0D3-C535-4F7C-9C23-B4DCDC188D85}.AppStore|x86.Deploy.0 = Release|x86
		{FC36E0D3-C535-4F7C-9C23-B4DCDC188D85}.Debug|Any CPU.ActiveCfg = Debug|Any CPU
		{FC36E0D3-C535-4F7C-9C23-B4DCDC188D85}.Debug|Any CPU.Build.0 = Debug|Any CPU
		{FC36E0D3-C535-4F7C-9C23-B4DCDC188D85}.Debug|Any CPU.Deploy.0 = Debug|Any CPU
		{FC36E0D3-C535-4F7C-9C23-B4DCDC188D85}.Debug|ARM.ActiveCfg = Debug|ARM
		{FC36E0D3-C535-4F7C-9C23-B4DCDC188D85}.Debug|ARM.Build.0 = Debug|ARM
		{FC36E0D3-C535-4F7C-9C23-B4DCDC188D85}.Debug|ARM.Deploy.0 = Debug|ARM
		{FC36E0D3-C535-4F7C-9C23-B4DCDC188D85}.Debug|iPhone.ActiveCfg = Debug|Any CPU
		{FC36E0D3-C535-4F7C-9C23-B4DCDC188D85}.Debug|iPhone.Build.0 = Debug|Any CPU
		{FC36E0D3-C535-4F7C-9C23-B4DCDC188D85}.Debug|iPhone.Deploy.0 = Debug|Any CPU
		{FC36E0D3-C535-4F7C-9C23-B4DCDC188D85}.Debug|iPhoneSimulator.ActiveCfg = Debug|Any CPU
		{FC36E0D3-C535-4F7C-9C23-B4DCDC188D85}.Debug|iPhoneSimulator.Build.0 = Debug|Any CPU
		{FC36E0D3-C535-4F7C-9C23-B4DCDC188D85}.Debug|iPhoneSimulator.Deploy.0 = Debug|Any CPU
		{FC36E0D3-C535-4F7C-9C23-B4DCDC188D85}.Debug|x64.ActiveCfg = Debug|x64
		{FC36E0D3-C535-4F7C-9C23-B4DCDC188D85}.Debug|x64.Build.0 = Debug|x64
		{FC36E0D3-C535-4F7C-9C23-B4DCDC188D85}.Debug|x64.Deploy.0 = Debug|x64
		{FC36E0D3-C535-4F7C-9C23-B4DCDC188D85}.Debug|x86.ActiveCfg = Debug|x86
		{FC36E0D3-C535-4F7C-9C23-B4DCDC188D85}.Debug|x86.Build.0 = Debug|x86
		{FC36E0D3-C535-4F7C-9C23-B4DCDC188D85}.Debug|x86.Deploy.0 = Debug|x86
		{FC36E0D3-C535-4F7C-9C23-B4DCDC188D85}.Release|Any CPU.ActiveCfg = Release|Any CPU
		{FC36E0D3-C535-4F7C-9C23-B4DCDC188D85}.Release|Any CPU.Build.0 = Release|Any CPU
		{FC36E0D3-C535-4F7C-9C23-B4DCDC188D85}.Release|Any CPU.Deploy.0 = Release|Any CPU
		{FC36E0D3-C535-4F7C-9C23-B4DCDC188D85}.Release|ARM.ActiveCfg = Release|ARM
		{FC36E0D3-C535-4F7C-9C23-B4DCDC188D85}.Release|ARM.Build.0 = Release|ARM
		{FC36E0D3-C535-4F7C-9C23-B4DCDC188D85}.Release|ARM.Deploy.0 = Release|ARM
		{FC36E0D3-C535-4F7C-9C23-B4DCDC188D85}.Release|iPhone.ActiveCfg = Release|Any CPU
		{FC36E0D3-C535-4F7C-9C23-B4DCDC188D85}.Release|iPhone.Build.0 = Release|Any CPU
		{FC36E0D3-C535-4F7C-9C23-B4DCDC188D85}.Release|iPhone.Deploy.0 = Release|Any CPU
		{FC36E0D3-C535-4F7C-9C23-B4DCDC188D85}.Release|iPhoneSimulator.ActiveCfg = Release|Any CPU
		{FC36E0D3-C535-4F7C-9C23-B4DCDC188D85}.Release|iPhoneSimulator.Build.0 = Release|Any CPU
		{FC36E0D3-C535-4F7C-9C23-B4DCDC188D85}.Release|iPhoneSimulator.Deploy.0 = Release|Any CPU
		{FC36E0D3-C535-4F7C-9C23-B4DCDC188D85}.Release|x64.ActiveCfg = Release|x64
		{FC36E0D3-C535-4F7C-9C23-B4DCDC188D85}.Release|x64.Build.0 = Release|x64
		{FC36E0D3-C535-4F7C-9C23-B4DCDC188D85}.Release|x64.Deploy.0 = Release|x64
		{FC36E0D3-C535-4F7C-9C23-B4DCDC188D85}.Release|x86.ActiveCfg = Release|x86
		{FC36E0D3-C535-4F7C-9C23-B4DCDC188D85}.Release|x86.Build.0 = Release|x86
		{FC36E0D3-C535-4F7C-9C23-B4DCDC188D85}.Release|x86.Deploy.0 = Release|x86
		{9F6992D5-75A2-4301-8102-B982D94F4C62}.Ad-Hoc|Any CPU.ActiveCfg = Release|Any CPU
		{9F6992D5-75A2-4301-8102-B982D94F4C62}.Ad-Hoc|Any CPU.Build.0 = Release|Any CPU
		{9F6992D5-75A2-4301-8102-B982D94F4C62}.Ad-Hoc|ARM.ActiveCfg = Release|Any CPU
		{9F6992D5-75A2-4301-8102-B982D94F4C62}.Ad-Hoc|ARM.Build.0 = Release|Any CPU
		{9F6992D5-75A2-4301-8102-B982D94F4C62}.Ad-Hoc|iPhone.ActiveCfg = Release|Any CPU
		{9F6992D5-75A2-4301-8102-B982D94F4C62}.Ad-Hoc|iPhone.Build.0 = Release|Any CPU
		{9F6992D5-75A2-4301-8102-B982D94F4C62}.Ad-Hoc|iPhoneSimulator.ActiveCfg = Release|Any CPU
		{9F6992D5-75A2-4301-8102-B982D94F4C62}.Ad-Hoc|iPhoneSimulator.Build.0 = Release|Any CPU
		{9F6992D5-75A2-4301-8102-B982D94F4C62}.Ad-Hoc|x64.ActiveCfg = Release|Any CPU
		{9F6992D5-75A2-4301-8102-B982D94F4C62}.Ad-Hoc|x64.Build.0 = Release|Any CPU
		{9F6992D5-75A2-4301-8102-B982D94F4C62}.Ad-Hoc|x86.ActiveCfg = Release|Any CPU
		{9F6992D5-75A2-4301-8102-B982D94F4C62}.Ad-Hoc|x86.Build.0 = Release|Any CPU
		{9F6992D5-75A2-4301-8102-B982D94F4C62}.AppStore|Any CPU.ActiveCfg = Release|Any CPU
		{9F6992D5-75A2-4301-8102-B982D94F4C62}.AppStore|Any CPU.Build.0 = Release|Any CPU
		{9F6992D5-75A2-4301-8102-B982D94F4C62}.AppStore|ARM.ActiveCfg = Release|Any CPU
		{9F6992D5-75A2-4301-8102-B982D94F4C62}.AppStore|ARM.Build.0 = Release|Any CPU
		{9F6992D5-75A2-4301-8102-B982D94F4C62}.AppStore|iPhone.ActiveCfg = Release|Any CPU
		{9F6992D5-75A2-4301-8102-B982D94F4C62}.AppStore|iPhone.Build.0 = Release|Any CPU
		{9F6992D5-75A2-4301-8102-B982D94F4C62}.AppStore|iPhoneSimulator.ActiveCfg = Release|Any CPU
		{9F6992D5-75A2-4301-8102-B982D94F4C62}.AppStore|iPhoneSimulator.Build.0 = Release|Any CPU
		{9F6992D5-75A2-4301-8102-B982D94F4C62}.AppStore|x64.ActiveCfg = Release|Any CPU
		{9F6992D5-75A2-4301-8102-B982D94F4C62}.AppStore|x64.Build.0 = Release|Any CPU
		{9F6992D5-75A2-4301-8102-B982D94F4C62}.AppStore|x86.ActiveCfg = Release|Any CPU
		{9F6992D5-75A2-4301-8102-B982D94F4C62}.AppStore|x86.Build.0 = Release|Any CPU
		{9F6992D5-75A2-4301-8102-B982D94F4C62}.Debug|Any CPU.ActiveCfg = Debug|Any CPU
		{9F6992D5-75A2-4301-8102-B982D94F4C62}.Debug|Any CPU.Build.0 = Debug|Any CPU
		{9F6992D5-75A2-4301-8102-B982D94F4C62}.Debug|ARM.ActiveCfg = Debug|Any CPU
		{9F6992D5-75A2-4301-8102-B982D94F4C62}.Debug|ARM.Build.0 = Debug|Any CPU
		{9F6992D5-75A2-4301-8102-B982D94F4C62}.Debug|iPhone.ActiveCfg = Debug|Any CPU
		{9F6992D5-75A2-4301-8102-B982D94F4C62}.Debug|iPhone.Build.0 = Debug|Any CPU
		{9F6992D5-75A2-4301-8102-B982D94F4C62}.Debug|iPhoneSimulator.ActiveCfg = Debug|Any CPU
		{9F6992D5-75A2-4301-8102-B982D94F4C62}.Debug|iPhoneSimulator.Build.0 = Debug|Any CPU
		{9F6992D5-75A2-4301-8102-B982D94F4C62}.Debug|x64.ActiveCfg = Debug|Any CPU
		{9F6992D5-75A2-4301-8102-B982D94F4C62}.Debug|x64.Build.0 = Debug|Any CPU
		{9F6992D5-75A2-4301-8102-B982D94F4C62}.Debug|x86.ActiveCfg = Debug|Any CPU
		{9F6992D5-75A2-4301-8102-B982D94F4C62}.Debug|x86.Build.0 = Debug|Any CPU
		{9F6992D5-75A2-4301-8102-B982D94F4C62}.Release|Any CPU.ActiveCfg = Release|Any CPU
		{9F6992D5-75A2-4301-8102-B982D94F4C62}.Release|Any CPU.Build.0 = Release|Any CPU
		{9F6992D5-75A2-4301-8102-B982D94F4C62}.Release|ARM.ActiveCfg = Release|Any CPU
		{9F6992D5-75A2-4301-8102-B982D94F4C62}.Release|ARM.Build.0 = Release|Any CPU
		{9F6992D5-75A2-4301-8102-B982D94F4C62}.Release|iPhone.ActiveCfg = Release|Any CPU
		{9F6992D5-75A2-4301-8102-B982D94F4C62}.Release|iPhone.Build.0 = Release|Any CPU
		{9F6992D5-75A2-4301-8102-B982D94F4C62}.Release|iPhoneSimulator.ActiveCfg = Release|Any CPU
		{9F6992D5-75A2-4301-8102-B982D94F4C62}.Release|iPhoneSimulator.Build.0 = Release|Any CPU
		{9F6992D5-75A2-4301-8102-B982D94F4C62}.Release|x64.ActiveCfg = Release|Any CPU
		{9F6992D5-75A2-4301-8102-B982D94F4C62}.Release|x64.Build.0 = Release|Any CPU
		{9F6992D5-75A2-4301-8102-B982D94F4C62}.Release|x86.ActiveCfg = Release|Any CPU
		{9F6992D5-75A2-4301-8102-B982D94F4C62}.Release|x86.Build.0 = Release|Any CPU
		{F0624922-7DCE-4C71-8E4D-3EA3601E95EE}.Ad-Hoc|Any CPU.ActiveCfg = Release|Any CPU
		{F0624922-7DCE-4C71-8E4D-3EA3601E95EE}.Ad-Hoc|Any CPU.Build.0 = Release|Any CPU
		{F0624922-7DCE-4C71-8E4D-3EA3601E95EE}.Ad-Hoc|ARM.ActiveCfg = Release|Any CPU
		{F0624922-7DCE-4C71-8E4D-3EA3601E95EE}.Ad-Hoc|ARM.Build.0 = Release|Any CPU
		{F0624922-7DCE-4C71-8E4D-3EA3601E95EE}.Ad-Hoc|iPhone.ActiveCfg = Release|Any CPU
		{F0624922-7DCE-4C71-8E4D-3EA3601E95EE}.Ad-Hoc|iPhone.Build.0 = Release|Any CPU
		{F0624922-7DCE-4C71-8E4D-3EA3601E95EE}.Ad-Hoc|iPhoneSimulator.ActiveCfg = Release|Any CPU
		{F0624922-7DCE-4C71-8E4D-3EA3601E95EE}.Ad-Hoc|iPhoneSimulator.Build.0 = Release|Any CPU
		{F0624922-7DCE-4C71-8E4D-3EA3601E95EE}.Ad-Hoc|x64.ActiveCfg = Release|Any CPU
		{F0624922-7DCE-4C71-8E4D-3EA3601E95EE}.Ad-Hoc|x64.Build.0 = Release|Any CPU
		{F0624922-7DCE-4C71-8E4D-3EA3601E95EE}.Ad-Hoc|x86.ActiveCfg = Release|Any CPU
		{F0624922-7DCE-4C71-8E4D-3EA3601E95EE}.Ad-Hoc|x86.Build.0 = Release|Any CPU
		{F0624922-7DCE-4C71-8E4D-3EA3601E95EE}.AppStore|Any CPU.ActiveCfg = Release|Any CPU
		{F0624922-7DCE-4C71-8E4D-3EA3601E95EE}.AppStore|Any CPU.Build.0 = Release|Any CPU
		{F0624922-7DCE-4C71-8E4D-3EA3601E95EE}.AppStore|ARM.ActiveCfg = Release|Any CPU
		{F0624922-7DCE-4C71-8E4D-3EA3601E95EE}.AppStore|ARM.Build.0 = Release|Any CPU
		{F0624922-7DCE-4C71-8E4D-3EA3601E95EE}.AppStore|iPhone.ActiveCfg = Release|Any CPU
		{F0624922-7DCE-4C71-8E4D-3EA3601E95EE}.AppStore|iPhone.Build.0 = Release|Any CPU
		{F0624922-7DCE-4C71-8E4D-3EA3601E95EE}.AppStore|iPhoneSimulator.ActiveCfg = Release|Any CPU
		{F0624922-7DCE-4C71-8E4D-3EA3601E95EE}.AppStore|iPhoneSimulator.Build.0 = Release|Any CPU
		{F0624922-7DCE-4C71-8E4D-3EA3601E95EE}.AppStore|x64.ActiveCfg = Release|Any CPU
		{F0624922-7DCE-4C71-8E4D-3EA3601E95EE}.AppStore|x64.Build.0 = Release|Any CPU
		{F0624922-7DCE-4C71-8E4D-3EA3601E95EE}.AppStore|x86.ActiveCfg = Release|Any CPU
		{F0624922-7DCE-4C71-8E4D-3EA3601E95EE}.AppStore|x86.Build.0 = Release|Any CPU
		{F0624922-7DCE-4C71-8E4D-3EA3601E95EE}.Debug|Any CPU.ActiveCfg = Debug|Any CPU
		{F0624922-7DCE-4C71-8E4D-3EA3601E95EE}.Debug|Any CPU.Build.0 = Debug|Any CPU
		{F0624922-7DCE-4C71-8E4D-3EA3601E95EE}.Debug|ARM.ActiveCfg = Debug|Any CPU
		{F0624922-7DCE-4C71-8E4D-3EA3601E95EE}.Debug|ARM.Build.0 = Debug|Any CPU
		{F0624922-7DCE-4C71-8E4D-3EA3601E95EE}.Debug|iPhone.ActiveCfg = Debug|Any CPU
		{F0624922-7DCE-4C71-8E4D-3EA3601E95EE}.Debug|iPhone.Build.0 = Debug|Any CPU
		{F0624922-7DCE-4C71-8E4D-3EA3601E95EE}.Debug|iPhoneSimulator.ActiveCfg = Debug|Any CPU
		{F0624922-7DCE-4C71-8E4D-3EA3601E95EE}.Debug|iPhoneSimulator.Build.0 = Debug|Any CPU
		{F0624922-7DCE-4C71-8E4D-3EA3601E95EE}.Debug|x64.ActiveCfg = Debug|Any CPU
		{F0624922-7DCE-4C71-8E4D-3EA3601E95EE}.Debug|x64.Build.0 = Debug|Any CPU
		{F0624922-7DCE-4C71-8E4D-3EA3601E95EE}.Debug|x86.ActiveCfg = Debug|Any CPU
		{F0624922-7DCE-4C71-8E4D-3EA3601E95EE}.Debug|x86.Build.0 = Debug|Any CPU
		{F0624922-7DCE-4C71-8E4D-3EA3601E95EE}.Release|Any CPU.ActiveCfg = Release|Any CPU
		{F0624922-7DCE-4C71-8E4D-3EA3601E95EE}.Release|Any CPU.Build.0 = Release|Any CPU
		{F0624922-7DCE-4C71-8E4D-3EA3601E95EE}.Release|ARM.ActiveCfg = Release|Any CPU
		{F0624922-7DCE-4C71-8E4D-3EA3601E95EE}.Release|ARM.Build.0 = Release|Any CPU
		{F0624922-7DCE-4C71-8E4D-3EA3601E95EE}.Release|iPhone.ActiveCfg = Release|Any CPU
		{F0624922-7DCE-4C71-8E4D-3EA3601E95EE}.Release|iPhone.Build.0 = Release|Any CPU
		{F0624922-7DCE-4C71-8E4D-3EA3601E95EE}.Release|iPhoneSimulator.ActiveCfg = Release|Any CPU
		{F0624922-7DCE-4C71-8E4D-3EA3601E95EE}.Release|iPhoneSimulator.Build.0 = Release|Any CPU
		{F0624922-7DCE-4C71-8E4D-3EA3601E95EE}.Release|x64.ActiveCfg = Release|Any CPU
		{F0624922-7DCE-4C71-8E4D-3EA3601E95EE}.Release|x64.Build.0 = Release|Any CPU
		{F0624922-7DCE-4C71-8E4D-3EA3601E95EE}.Release|x86.ActiveCfg = Release|Any CPU
		{F0624922-7DCE-4C71-8E4D-3EA3601E95EE}.Release|x86.Build.0 = Release|Any CPU
	EndGlobalSection
	GlobalSection(SolutionProperties) = preSolution
		HideSolutionNode = FALSE
	EndGlobalSection
EndGlobal
